Microsoft Visual Studio Solution File, Format Version 11.00
# Visual Studio 2008

Project("{510EB51B-967E-C485-AD52-50F9915B3AA2}") = "Jam8", "Assembly-CSharp-firstpass.csproj", "{47DDAAF6-C80E-9F70-F2C1-75C747E50189}"
EndProject
Project("{510EB51B-967E-C485-AD52-50F9915B3AA2}") = "Jam8", "Assembly-CSharp.csproj", "{DAF9A251-B856-2B8F-E3D6-5444F8C519D4}"
EndProject
Project("{510EB51B-967E-C485-AD52-50F9915B3AA2}") = "Jam8", "Assembly-CSharp-Editor.csproj", "{55448B02-F1C4-5921-4E19-2767EB14C26B}"
EndProject
Project("{510EB51B-967E-C485-AD52-50F9915B3AA2}") = "Jam8", "Assembly-UnityScript-firstpass.unityproj", "{C97E1EEF-5665-2FC3-689E-9FB6B217AEB7}"
EndProject
Project("{510EB51B-967E-C485-AD52-50F9915B3AA2}") = "Jam8", "Assembly-UnityScript.unityproj", "{C7A8C61E-A4EB-12C5-43BA-B692F8E253C8}"
EndProject
Project("{510EB51B-967E-C485-AD52-50F9915B3AA2}") = "Jam8", "Assembly-UnityScript-Editor.unityproj", "{292B3C91-4FED-D61C-A8A8-6E360D142328}"
EndProject
Global
	GlobalSection(SolutionConfigurationPlatforms) = preSolution
		Debug|Any CPU = Debug|Any CPU
		Release|Any CPU = Release|Any CPU
	EndGlobalSection
	GlobalSection(ProjectConfigurationPlatforms) = postSolution
		{47DDAAF6-C80E-9F70-F2C1-75C747E50189}.Debug|Any CPU.ActiveCfg = Debug|Any CPU
		{47DDAAF6-C80E-9F70-F2C1-75C747E50189}.Debug|Any CPU.Build.0 = Debug|Any CPU
		{47DDAAF6-C80E-9F70-F2C1-75C747E50189}.Release|Any CPU.ActiveCfg = Release|Any CPU
		{47DDAAF6-C80E-9F70-F2C1-75C747E50189}.Release|Any CPU.Build.0 = Release|Any CPU
		{DAF9A251-B856-2B8F-E3D6-5444F8C519D4}.Debug|Any CPU.ActiveCfg = Debug|Any CPU
		{DAF9A251-B856-2B8F-E3D6-5444F8C519D4}.Debug|Any CPU.Build.0 = Debug|Any CPU
		{DAF9A251-B856-2B8F-E3D6-5444F8C519D4}.Release|Any CPU.ActiveCfg = Release|Any CPU
		{DAF9A251-B856-2B8F-E3D6-5444F8C519D4}.Release|Any CPU.Build.0 = Release|Any CPU
		{55448B02-F1C4-5921-4E19-2767EB14C26B}.Debug|Any CPU.ActiveCfg = Debug|Any CPU
		{55448B02-F1C4-5921-4E19-2767EB14C26B}.Debug|Any CPU.Build.0 = Debug|Any CPU
		{55448B02-F1C4-5921-4E19-2767EB14C26B}.Release|Any CPU.ActiveCfg = Release|Any CPU
		{55448B02-F1C4-5921-4E19-2767EB14C26B}.Release|Any CPU.Build.0 = Release|Any CPU
		{C97E1EEF-5665-2FC3-689E-9FB6B217AEB7}.Debug|Any CPU.ActiveCfg = Debug|Any CPU
		{C97E1EEF-5665-2FC3-689E-9FB6B217AEB7}.Debug|Any CPU.Build.0 = Debug|Any CPU
		{C97E1EEF-5665-2FC3-689E-9FB6B217AEB7}.Release|Any CPU.ActiveCfg = Release|Any CPU
		{C97E1EEF-5665-2FC3-689E-9FB6B217AEB7}.Release|Any CPU.Build.0 = Release|Any CPU
		{C7A8C61E-A4EB-12C5-43BA-B692F8E253C8}.Debug|Any CPU.ActiveCfg = Debug|Any CPU
		{C7A8C61E-A4EB-12C5-43BA-B692F8E253C8}.Debug|Any CPU.Build.0 = Debug|Any CPU
		{C7A8C61E-A4EB-12C5-43BA-B692F8E253C8}.Release|Any CPU.ActiveCfg = Release|Any CPU
		{C7A8C61E-A4EB-12C5-43BA-B692F8E253C8}.Release|Any CPU.Build.0 = Release|Any CPU
		{292B3C91-4FED-D61C-A8A8-6E360D142328}.Debug|Any CPU.ActiveCfg = Debug|Any CPU
		{292B3C91-4FED-D61C-A8A8-6E360D142328}.Debug|Any CPU.Build.0 = Debug|Any CPU
		{292B3C91-4FED-D61C-A8A8-6E360D142328}.Release|Any CPU.ActiveCfg = Release|Any CPU
		{292B3C91-4FED-D61C-A8A8-6E360D142328}.Release|Any CPU.Build.0 = Release|Any CPU
	EndGlobalSection
	GlobalSection(SolutionProperties) = preSolution
		HideSolutionNode = FALSE
	EndGlobalSection
																						GlobalSection(MonoDevelopProperties) = preSolution
		StartupItem = Assembly-CSharp.csproj
		Policies = $0
		$0.TextStylePolicy = $1
		$1.inheritsSet = null
		$1.scope = text/x-csharp
		$0.CSharpFormattingPolicy = $2
		$2.inheritsSet = Mono
		$2.inheritsScope = text/x-csharp
		$2.scope = text/x-csharp
		$0.TextStylePolicy = $3
		$3.FileWidth = 120
		$3.TabWidth = 4
		$3.EolMarker = Unix
		$3.inheritsSet = Mono
		$3.inheritsScope = text/plain
		$3.scope = text/plain
	EndGlobalSection

EndGlobal
